
Microsoft Visual Studio Solution File, Format Version 12.00
# Visual Studio 14
VisualStudioVersion = 14.0.25420.1
MinimumVisualStudioVersion = 10.0.40219.1
Project("{8BC9CEB8-8B4A-11D0-8D11-00A0C91BC942}") = "Prj01", "Prj01\Prj01.vcxproj", "{9E99B445-00E5-40E7-BF67-56624ACFB46B}"
EndProject
Global
	GlobalSection(SolutionConfigurationPlatforms) = preSolution
		Debug|x64 = Debug|x64
		Debug|x86 = Debug|x86
		Release|x64 = Release|x64
		Release|x86 = Release|x86
	EndGlobalSection
	GlobalSection(ProjectConfigurationPlatforms) = postSolution
		{9E99B445-00E5-40E7-BF67-56624ACFB46B}.Debug|x64.ActiveCfg = Debug|x64
		{9E99B445-00E5-40E7-BF67-56624ACFB46B}.Debug|x64.Build.0 = Debug|x64
		{9E99B445-00E5-40E7-BF67-56624ACFB46B}.Debug|x86.ActiveCfg = Debug|Win32
		{9E99B445-00E5-40E7-BF67-56624ACFB46B}.Debug|x86.Build.0 = Debug|Win32
		{9E99B445-00E5-40E7-BF67-56624ACFB46B}.Release|x64.ActiveCfg = Release|x64
		{9E99B445-00E5-40E7-BF67-56624ACFB46B}.Release|x64.Build.0 = Release|x64
		{9E99B445-00E5-40E7-BF67-56624ACFB46B}.Release|x86.ActiveCfg = Release|Win32
		{9E99B445-00E5-40E7-BF67-56624ACFB46B}.Release|x86.Build.0 = Release|Win32
	EndGlobalSection
	GlobalSection(SolutionProperties) = preSolution
		HideSolutionNode = FALSE
	EndGlobalSection
EndGlobal
